
Microsoft Visual Studio Solution File, Format Version 12.00
# Visual Studio Version 17
VisualStudioVersion = 17.2.32616.157
MinimumVisualStudioVersion = 10.0.40219.1
Project("{2150E333-8FDC-42A3-9474-1A3956D46DE8}") = "samples", "samples", "{D2401F5E-96D5-44AB-BFF7-2A3435E58370}"
EndProject
Project("{2150E333-8FDC-42A3-9474-1A3956D46DE8}") = "Solution Items", "Solution Items", "{255E2052-F4FB-4B16-92C5-6C2851D48203}"
	ProjectSection(SolutionItems) = preProject
		.editorconfig = .editorconfig
		Directory.Build.props = Directory.Build.props
		.github\workflows\dotnet-core.yml = .github\workflows\dotnet-core.yml
		global.json = global.json
		README.md = README.md
	EndProjectSection
EndProject
Project("{9A19103F-16F7-4668-BE54-9A1E7A4F7556}") = "Dot", "Dot\Dot.csproj", "{ABD3A89F-E815-464C-9861-3A976300815C}"
EndProject
Project("{9A19103F-16F7-4668-BE54-9A1E7A4F7556}") = "Dot.Web.Admin", "Dot.Web.Admin\Dot.Web.Admin.csproj", "{8CE3CA51-0A89-4EAC-9315-1A0CD8FA83A8}"
EndProject
Project("{9A19103F-16F7-4668-BE54-9A1E7A4F7556}") = "Web.Service.Identity", "samples\Web.Service.Identity\Web.Service.Identity.csproj", "{8AC9C410-E71D-4AC0-8448-661AA72C202F}"
EndProject
Project("{9A19103F-16F7-4668-BE54-9A1E7A4F7556}") = "Dot.EFCore", "Dot.EFCore\Dot.EFCore.csproj", "{001A3F1B-B478-425E-8EA7-CA0B39FDD00E}"
EndProject
Project("{9A19103F-16F7-4668-BE54-9A1E7A4F7556}") = "Dot.EFCore.Identity", "Dot.EFCore.Identity\Dot.EFCore.Identity.csproj", "{75F730A4-C58E-418F-98B4-EEC1FDE389F7}"
EndProject
Project("{9A19103F-16F7-4668-BE54-9A1E7A4F7556}") = "Dot.Parts.Mail", "Dot.Parts.Mail\Dot.Parts.Mail.csproj", "{7C62ABFB-34A9-4F05-8B9C-91309E59FFE4}"
EndProject
Project("{FAE04EC0-301F-11D3-BF4B-00C04F79EFBC}") = "Dot.Parts.Notifications", "Dot.Parts.Notifications\Dot.Parts.Notifications.csproj", "{797A2ADB-C326-4F6F-ABF6-A33DC470C22D}"
EndProject
Project("{FAE04EC0-301F-11D3-BF4B-00C04F79EFBC}") = "Dot.Parts.Caching", "Dot.Parts.Caching\Dot.Parts.Caching.csproj", "{C84D8823-3F89-4D88-9A72-2524E7B2F6AF}"
EndProject
Project("{FAE04EC0-301F-11D3-BF4B-00C04F79EFBC}") = "Dot.Parts.DateTime", "Dot.Parts.DateTime\Dot.Parts.DateTime.csproj", "{5B4E9754-D786-4A3F-9D09-53997FDCA803}"
EndProject
Project("{FAE04EC0-301F-11D3-BF4B-00C04F79EFBC}") = "Dot.Parts.BackgroundTasks", "Dot.Parts.BackgroundTasks\Dot.Parts.BackgroundTasks.csproj", "{2099312A-4959-4796-A4DC-E22B84A51FE1}"
EndProject
Global
	GlobalSection(SolutionConfigurationPlatforms) = preSolution
		Debug|Any CPU = Debug|Any CPU
		Release|Any CPU = Release|Any CPU
	EndGlobalSection
	GlobalSection(ProjectConfigurationPlatforms) = postSolution
		{ABD3A89F-E815-464C-9861-3A976300815C}.Debug|Any CPU.ActiveCfg = Debug|Any CPU
		{ABD3A89F-E815-464C-9861-3A976300815C}.Debug|Any CPU.Build.0 = Debug|Any CPU
		{ABD3A89F-E815-464C-9861-3A976300815C}.Release|Any CPU.ActiveCfg = Release|Any CPU
		{ABD3A89F-E815-464C-9861-3A976300815C}.Release|Any CPU.Build.0 = Release|Any CPU
		{8CE3CA51-0A89-4EAC-9315-1A0CD8FA83A8}.Debug|Any CPU.ActiveCfg = Debug|Any CPU
		{8CE3CA51-0A89-4EAC-9315-1A0CD8FA83A8}.Debug|Any CPU.Build.0 = Debug|Any CPU
		{8CE3CA51-0A89-4EAC-9315-1A0CD8FA83A8}.Release|Any CPU.ActiveCfg = Release|Any CPU
		{8CE3CA51-0A89-4EAC-9315-1A0CD8FA83A8}.Release|Any CPU.Build.0 = Release|Any CPU
		{8AC9C410-E71D-4AC0-8448-661AA72C202F}.Debug|Any CPU.ActiveCfg = Debug|Any CPU
		{8AC9C410-E71D-4AC0-8448-661AA72C202F}.Debug|Any CPU.Build.0 = Debug|Any CPU
		{8AC9C410-E71D-4AC0-8448-661AA72C202F}.Release|Any CPU.ActiveCfg = Release|Any CPU
		{8AC9C410-E71D-4AC0-8448-661AA72C202F}.Release|Any CPU.Build.0 = Release|Any CPU
		{001A3F1B-B478-425E-8EA7-CA0B39FDD00E}.Debug|Any CPU.ActiveCfg = Debug|Any CPU
		{001A3F1B-B478-425E-8EA7-CA0B39FDD00E}.Debug|Any CPU.Build.0 = Debug|Any CPU
		{001A3F1B-B478-425E-8EA7-CA0B39FDD00E}.Release|Any CPU.ActiveCfg = Release|Any CPU
		{001A3F1B-B478-425E-8EA7-CA0B39FDD00E}.Release|Any CPU.Build.0 = Release|Any CPU
		{75F730A4-C58E-418F-98B4-EEC1FDE389F7}.Debug|Any CPU.ActiveCfg = Debug|Any CPU
		{75F730A4-C58E-418F-98B4-EEC1FDE389F7}.Debug|Any CPU.Build.0 = Debug|Any CPU
		{75F730A4-C58E-418F-98B4-EEC1FDE389F7}.Release|Any CPU.ActiveCfg = Release|Any CPU
		{75F730A4-C58E-418F-98B4-EEC1FDE389F7}.Release|Any CPU.Build.0 = Release|Any CPU
		{7C62ABFB-34A9-4F05-8B9C-91309E59FFE4}.Debug|Any CPU.ActiveCfg = Debug|Any CPU
		{7C62ABFB-34A9-4F05-8B9C-91309E59FFE4}.Debug|Any CPU.Build.0 = Debug|Any CPU
		{7C62ABFB-34A9-4F05-8B9C-91309E59FFE4}.Release|Any CPU.ActiveCfg = Release|Any CPU
		{7C62ABFB-34A9-4F05-8B9C-91309E59FFE4}.Release|Any CPU.Build.0 = Release|Any CPU
		{797A2ADB-C326-4F6F-ABF6-A33DC470C22D}.Debug|Any CPU.ActiveCfg = Debug|Any CPU
		{797A2ADB-C326-4F6F-ABF6-A33DC470C22D}.Debug|Any CPU.Build.0 = Debug|Any CPU
		{797A2ADB-C326-4F6F-ABF6-A33DC470C22D}.Release|Any CPU.ActiveCfg = Release|Any CPU
		{797A2ADB-C326-4F6F-ABF6-A33DC470C22D}.Release|Any CPU.Build.0 = Release|Any CPU
		{C84D8823-3F89-4D88-9A72-2524E7B2F6AF}.Debug|Any CPU.ActiveCfg = Debug|Any CPU
		{C84D8823-3F89-4D88-9A72-2524E7B2F6AF}.Debug|Any CPU.Build.0 = Debug|Any CPU
		{C84D8823-3F89-4D88-9A72-2524E7B2F6AF}.Release|Any CPU.ActiveCfg = Release|Any CPU
		{C84D8823-3F89-4D88-9A72-2524E7B2F6AF}.Release|Any CPU.Build.0 = Release|Any CPU
		{5B4E9754-D786-4A3F-9D09-53997FDCA803}.Debug|Any CPU.ActiveCfg = Debug|Any CPU
		{5B4E9754-D786-4A3F-9D09-53997FDCA803}.Debug|Any CPU.Build.0 = Debug|Any CPU
		{5B4E9754-D786-4A3F-9D09-53997FDCA803}.Release|Any CPU.ActiveCfg = Release|Any CPU
		{5B4E9754-D786-4A3F-9D09-53997FDCA803}.Release|Any CPU.Build.0 = Release|Any CPU
		{2099312A-4959-4796-A4DC-E22B84A51FE1}.Debug|Any CPU.ActiveCfg = Debug|Any CPU
		{2099312A-4959-4796-A4DC-E22B84A51FE1}.Debug|Any CPU.Build.0 = Debug|Any CPU
		{2099312A-4959-4796-A4DC-E22B84A51FE1}.Release|Any CPU.ActiveCfg = Release|Any CPU
		{2099312A-4959-4796-A4DC-E22B84A51FE1}.Release|Any CPU.Build.0 = Release|Any CPU
	EndGlobalSection
	GlobalSection(SolutionProperties) = preSolution
		HideSolutionNode = FALSE
	EndGlobalSection
	GlobalSection(NestedProjects) = preSolution
		{8AC9C410-E71D-4AC0-8448-661AA72C202F} = {D2401F5E-96D5-44AB-BFF7-2A3435E58370}
	EndGlobalSection
	GlobalSection(ExtensibilityGlobals) = postSolution
		SolutionGuid = {AB6FBF83-F95D-4C6D-9518-22DC2020169C}
	EndGlobalSection
EndGlobal
