
Microsoft Visual Studio Solution File, Format Version 12.00
# Visual Studio Version 16
VisualStudioVersion = 16.0.29418.71
MinimumVisualStudioVersion = 10.0.40219.1
Project("{9A19103F-16F7-4668-BE54-9A1E7A4F7556}") = "PlatformFramework", "src\PlatformFramework\PlatformFramework.csproj", "{3F2D0A50-610A-477C-AE7A-092CC9F1987D}"
EndProject
Project("{9A19103F-16F7-4668-BE54-9A1E7A4F7556}") = "PlatformFramework.EFCore", "src\PlatformFramework.EFCore\PlatformFramework.EFCore.csproj", "{7E7F4CEE-AB68-4AE5-AB4E-EE8084FFB630}"
EndProject
Project("{9A19103F-16F7-4668-BE54-9A1E7A4F7556}") = "PlatformFramework.Web", "src\PlatformFramework.Web\PlatformFramework.Web.csproj", "{03CD2D88-936E-4506-ADF1-307DAC963139}"
EndProject
Project("{2150E333-8FDC-42A3-9474-1A3956D46DE8}") = "tests", "tests", "{87EE1334-EDBA-47FB-85A6-3CD4CEA1CE28}"
EndProject
Project("{2150E333-8FDC-42A3-9474-1A3956D46DE8}") = "samples", "samples", "{D2401F5E-96D5-44AB-BFF7-2A3435E58370}"
EndProject
Project("{9A19103F-16F7-4668-BE54-9A1E7A4F7556}") = "PlatformFramework.Tests", "test\PlatformFramework.Tests\PlatformFramework.Tests.csproj", "{7EF030E3-F931-470C-9838-AEBA99E3E71D}"
EndProject
Project("{2150E333-8FDC-42A3-9474-1A3956D46DE8}") = "Solution Items", "Solution Items", "{255E2052-F4FB-4B16-92C5-6C2851D48203}"
	ProjectSection(SolutionItems) = preProject
		.editorconfig = .editorconfig
		Directory.Build.props = Directory.Build.props
		README.md = README.md
	EndProjectSection
EndProject
Project("{9A19103F-16F7-4668-BE54-9A1E7A4F7556}") = "Web.Service", "samples\Web.Service\Web.Service.csproj", "{587006EF-6175-40D5-ACAA-B5DA3830A2DC}"
EndProject
Project("{FAE04EC0-301F-11D3-BF4B-00C04F79EFBC}") = "PlatformFramework.Tenancy", "PlatformFramework.Tenancy\PlatformFramework.Tenancy.csproj", "{181EE272-5F7D-4D0B-93A5-495ED4DC8F29}"
EndProject
Project("{9A19103F-16F7-4668-BE54-9A1E7A4F7556}") = "Web.Service.Tenancy", "samples\Web.Service.Tenancy\Web.Service.Tenancy.csproj", "{E09AF404-1755-43D6-8542-CC40569F59BD}"
EndProject
Global
	GlobalSection(SolutionConfigurationPlatforms) = preSolution
		Debug|Any CPU = Debug|Any CPU
		Release|Any CPU = Release|Any CPU
	EndGlobalSection
	GlobalSection(ProjectConfigurationPlatforms) = postSolution
		{3F2D0A50-610A-477C-AE7A-092CC9F1987D}.Debug|Any CPU.ActiveCfg = Debug|Any CPU
		{3F2D0A50-610A-477C-AE7A-092CC9F1987D}.Debug|Any CPU.Build.0 = Debug|Any CPU
		{3F2D0A50-610A-477C-AE7A-092CC9F1987D}.Release|Any CPU.ActiveCfg = Release|Any CPU
		{3F2D0A50-610A-477C-AE7A-092CC9F1987D}.Release|Any CPU.Build.0 = Release|Any CPU
		{7E7F4CEE-AB68-4AE5-AB4E-EE8084FFB630}.Debug|Any CPU.ActiveCfg = Debug|Any CPU
		{7E7F4CEE-AB68-4AE5-AB4E-EE8084FFB630}.Debug|Any CPU.Build.0 = Debug|Any CPU
		{7E7F4CEE-AB68-4AE5-AB4E-EE8084FFB630}.Release|Any CPU.ActiveCfg = Release|Any CPU
		{7E7F4CEE-AB68-4AE5-AB4E-EE8084FFB630}.Release|Any CPU.Build.0 = Release|Any CPU
		{03CD2D88-936E-4506-ADF1-307DAC963139}.Debug|Any CPU.ActiveCfg = Debug|Any CPU
		{03CD2D88-936E-4506-ADF1-307DAC963139}.Debug|Any CPU.Build.0 = Debug|Any CPU
		{03CD2D88-936E-4506-ADF1-307DAC963139}.Release|Any CPU.ActiveCfg = Release|Any CPU
		{03CD2D88-936E-4506-ADF1-307DAC963139}.Release|Any CPU.Build.0 = Release|Any CPU
		{7EF030E3-F931-470C-9838-AEBA99E3E71D}.Debug|Any CPU.ActiveCfg = Debug|Any CPU
		{7EF030E3-F931-470C-9838-AEBA99E3E71D}.Debug|Any CPU.Build.0 = Debug|Any CPU
		{7EF030E3-F931-470C-9838-AEBA99E3E71D}.Release|Any CPU.ActiveCfg = Release|Any CPU
		{7EF030E3-F931-470C-9838-AEBA99E3E71D}.Release|Any CPU.Build.0 = Release|Any CPU
		{587006EF-6175-40D5-ACAA-B5DA3830A2DC}.Debug|Any CPU.ActiveCfg = Debug|Any CPU
		{587006EF-6175-40D5-ACAA-B5DA3830A2DC}.Debug|Any CPU.Build.0 = Debug|Any CPU
		{587006EF-6175-40D5-ACAA-B5DA3830A2DC}.Release|Any CPU.ActiveCfg = Release|Any CPU
		{587006EF-6175-40D5-ACAA-B5DA3830A2DC}.Release|Any CPU.Build.0 = Release|Any CPU
		{181EE272-5F7D-4D0B-93A5-495ED4DC8F29}.Debug|Any CPU.ActiveCfg = Debug|Any CPU
		{181EE272-5F7D-4D0B-93A5-495ED4DC8F29}.Debug|Any CPU.Build.0 = Debug|Any CPU
		{181EE272-5F7D-4D0B-93A5-495ED4DC8F29}.Release|Any CPU.ActiveCfg = Release|Any CPU
		{181EE272-5F7D-4D0B-93A5-495ED4DC8F29}.Release|Any CPU.Build.0 = Release|Any CPU
		{E09AF404-1755-43D6-8542-CC40569F59BD}.Debug|Any CPU.ActiveCfg = Debug|Any CPU
		{E09AF404-1755-43D6-8542-CC40569F59BD}.Debug|Any CPU.Build.0 = Debug|Any CPU
		{E09AF404-1755-43D6-8542-CC40569F59BD}.Release|Any CPU.ActiveCfg = Release|Any CPU
		{E09AF404-1755-43D6-8542-CC40569F59BD}.Release|Any CPU.Build.0 = Release|Any CPU
	EndGlobalSection
	GlobalSection(SolutionProperties) = preSolution
		HideSolutionNode = FALSE
	EndGlobalSection
	GlobalSection(NestedProjects) = preSolution
		{7EF030E3-F931-470C-9838-AEBA99E3E71D} = {87EE1334-EDBA-47FB-85A6-3CD4CEA1CE28}
		{587006EF-6175-40D5-ACAA-B5DA3830A2DC} = {D2401F5E-96D5-44AB-BFF7-2A3435E58370}
		{E09AF404-1755-43D6-8542-CC40569F59BD} = {D2401F5E-96D5-44AB-BFF7-2A3435E58370}
	EndGlobalSection
	GlobalSection(ExtensibilityGlobals) = postSolution
		SolutionGuid = {AB6FBF83-F95D-4C6D-9518-22DC2020169C}
	EndGlobalSection
EndGlobal
